# Generated by pub
# See https://dart.dev/tools/pub/glossary#lockfile
packages:
  ansicolor:
    dependency: transitive
    description:
      name: ansicolor
      url: "https://pub.dartlang.org"
    source: hosted
    version: "1.0.5"
  console_log_handler:
    dependency: transitive
    description:
      name: console_log_handler
      url: "https://pub.dartlang.org"
    source: hosted
    version: "1.1.6"
  csv:
    dependency: "direct main"
    description:
      name: csv
      url: "https://pub.dartlang.org"
    source: hosted
    version: "4.1.0"
  extra_pedantic:
    dependency: transitive
    description:
      name: extra_pedantic
      url: "https://pub.dartlang.org"
    source: hosted
    version: "1.2.0"
  geodesy:
    dependency: transitive
    description:
      name: geodesy
      url: "https://pub.dartlang.org"
    source: hosted
    version: "0.3.2"
  geojson:
    dependency: "direct main"
    description:
      name: geojson
      url: "https://pub.dartlang.org"
    source: hosted
    version: "0.9.1"
  geopoint:
    dependency: transitive
    description:
      name: geopoint
      url: "https://pub.dartlang.org"
    source: hosted
    version: "0.7.1"
  intl:
    dependency: transitive
    description:
      name: intl
      url: "https://pub.dartlang.org"
    source: hosted
    version: "0.16.1"
  iso:
    dependency: transitive
    description:
      name: iso
      url: "https://pub.dartlang.org"
    source: hosted
    version: "0.3.0"
  latlong:
    dependency: transitive
    description:
      name: latlong
      url: "https://pub.dartlang.org"
    source: hosted
    version: "0.6.1"
  logging:
    dependency: transitive
    description:
      name: logging
      url: "https://pub.dartlang.org"
    source: hosted
    version: "0.11.4"
  meta:
    dependency: transitive
    description:
      name: meta
      url: "https://pub.dartlang.org"
    source: hosted
    version: "1.2.3"
  path:
    dependency: transitive
    description:
      name: path
      url: "https://pub.dartlang.org"
    source: hosted
    version: "1.7.0"
  pedantic:
    dependency: "direct dev"
    description:
      name: pedantic
      url: "https://pub.dartlang.org"
    source: hosted
    version: "1.9.2"
  slugify2:
    dependency: transitive
    description:
      name: slugify2
      url: "https://pub.dartlang.org"
    source: hosted
    version: "0.2.1"
  validate:
    dependency: transitive
    description:
      name: validate
      url: "https://pub.dartlang.org"
    source: hosted
    version: "1.7.0"
sdks:
  dart: ">=2.10.0 <3.0.0"
